{
    "_readme": [
        "This file locks the dependencies of your project to a known state",
        "Read more about it at https://getcomposer.org/doc/01-basic-usage.md#installing-dependencies",
        "This file is @generated automatically"
    ],
    "content-hash": "4c82ed59b50c9f290cecdc819aea2fc8",
    "packages": [
        {
            "name": "crystalphp/framework",
            "version": "v1.2.3",
            "source": {
                "type": "git",
                "url": "https://gitlab.com/crystalphp/framework.git",
                "reference": "e1b92d77d56ae84389fbd493ab2542e337333244"
            },
            "dist": {
                "type": "zip",
                "url": "https://gitlab.com/api/v4/projects/crystalphp%2Fframework/repository/archive.zip?sha=e1b92d77d56ae84389fbd493ab2542e337333244",
                "reference": "e1b92d77d56ae84389fbd493ab2542e337333244",
                "shasum": ""
            },
            "type": "library",
            "autoload": {
                "psr-4": {
                    "": "src/"
                }
            },
            "notification-url": "https://packagist.org/downloads/",
            "license": [
                "MIT"
            ],
            "authors": [
                {
                    "name": "parsa mpsh",
                    "email": "parsampsh@gmail.com"
                }
            ],
            "description": "crystal php framework",
            "homepage": "http://crystalphp.com",
            "time": "2020-02-06T14:37:50+00:00"
        }
    ],
    "packages-dev": [],
    "aliases": [],
    "minimum-stability": "stable",
    "stability-flags": [],
    "prefer-stable": false,
    "prefer-lowest": false,
    "platform": [],
    "platform-dev": []
}
